// !$*UTF8*$!
{
	archiveVersion = 1;
	classes = {
	};
	objectVersion = 50;
	objects = {

/* Begin PBXBuildFile section */
		A5583D2C249BAE8F00D4FED6 /* AppDelegate.swift in Sources */ = {isa = PBXBuildFile; fileRef = A5583D2B249BAE8F00D4FED6 /* AppDelegate.swift */; };
		A5583D2E249BAE8F00D4FED6 /* SceneDelegate.swift in Sources */ = {isa = PBXBuildFile; fileRef = A5583D2D249BAE8F00D4FED6 /* SceneDelegate.swift */; };
		A5583D30249BAE8F00D4FED6 /* ViewController.swift in Sources */ = {isa = PBXBuildFile; fileRef = A5583D2F249BAE8F00D4FED6 /* ViewController.swift */; };
		A5583D33249BAE8F00D4FED6 /* Main.storyboard in Resources */ = {isa = PBXBuildFile; fileRef = A5583D31249BAE8F00D4FED6 /* Main.storyboard */; };
		A5583D35249BAE9200D4FED6 /* Assets.xcassets in Resources */ = {isa = PBXBuildFile; fileRef = A5583D34249BAE9200D4FED6 /* Assets.xcassets */; };
		A5583D38249BAE9200D4FED6 /* LaunchScreen.storyboard in Resources */ = {isa = PBXBuildFile; fileRef = A5583D36249BAE9200D4FED6 /* LaunchScreen.storyboard */; };
		A5583D40249BAF4800D4FED6 /* SplashScreenViewController.swift in Sources */ = {isa = PBXBuildFile; fileRef = A5583D3F249BAF4800D4FED6 /* SplashScreenViewController.swift */; };
/* End PBXBuildFile section */

/* Begin PBXFileReference section */
		A5583D28249BAE8F00D4FED6 /* ExtendLaunchScreen.app */ = {isa = PBXFileReference; explicitFileType = wrapper.application; includeInIndex = 0; path = ExtendLaunchScreen.app; sourceTree = BUILT_PRODUCTS_DIR; };
		A5583D2B249BAE8F00D4FED6 /* AppDelegate.swift */ = {isa = PBXFileReference; lastKnownFileType = sourcecode.swift; path = AppDelegate.swift; sourceTree = "<group>"; };
		A5583D2D249BAE8F00D4FED6 /* SceneDelegate.swift */ = {isa = PBXFileReference; lastKnownFileType = sourcecode.swift; path = SceneDelegate.swift; sourceTree = "<group>"; };
		A5583D2F249BAE8F00D4FED6 /* ViewController.swift */ = {isa = PBXFileReference; lastKnownFileType = sourcecode.swift; path = ViewController.swift; sourceTree = "<group>"; };
		A5583D32249BAE8F00D4FED6 /* Base */ = {isa = PBXFileReference; lastKnownFileType = file.storyboard; name = Base; path = Base.lproj/Main.storyboard; sourceTree = "<group>"; };
		A5583D34249BAE9200D4FED6 /* Assets.xcassets */ = {isa = PBXFileReference; lastKnownFileType = folder.assetcatalog; path = Assets.xcassets; sourceTree = "<group>"; };
		A5583D37249BAE9200D4FED6 /* Base */ = {isa = PBXFileReference; lastKnownFileType = file.storyboard; name = Base; path = Base.lproj/LaunchScreen.storyboard; sourceTree = "<group>"; };
		A5583D39249BAE9200D4FED6 /* Info.plist */ = {isa = PBXFileReference; lastKnownFileType = text.plist.xml; path = Info.plist; sourceTree = "<group>"; };
		A5583D3F249BAF4800D4FED6 /* SplashScreenViewController.swift */ = {isa = PBXFileReference; lastKnownFileType = sourcecode.swift; path = SplashScreenViewController.swift; sourceTree = "<group>"; };
/* End PBXFileReference section */

/* Begin PBXFrameworksBuildPhase section */
		A5583D25249BAE8F00D4FED6 /* Frameworks */ = {
			isa = PBXFrameworksBuildPhase;
			buildActionMask = 2147483647;
			files = (
			);
			runOnlyForDeploymentPostprocessing = 0;
		};
/* End PBXFrameworksBuildPhase section */

/* Begin PBXGroup section */
		A5583D1F249BAE8F00D4FED6 = {
			isa = PBXGroup;
			children = (
				A5583D2A249BAE8F00D4FED6 /* ExtendLaunchScreen */,
				A5583D29249BAE8F00D4FED6 /* Products */,
			);
			sourceTree = "<group>";
		};
		A5583D29249BAE8F00D4FED6 /* Products */ = {
			isa = PBXGroup;
			children = (
				A5583D28249BAE8F00D4FED6 /* ExtendLaunchScreen.app */,
			);
			name = Products;
			sourceTree = "<group>";
		};
		A5583D2A249BAE8F00D4FED6 /* ExtendLaunchScreen */ = {
			isa = PBXGroup;
			children = (
				A5583D2B249BAE8F00D4FED6 /* AppDelegate.swift */,
				A5583D2D249BAE8F00D4FED6 /* SceneDelegate.swift */,
				A5583D2F249BAE8F00D4FED6 /* ViewController.swift */,
				A5583D3F249BAF4800D4FED6 /* SplashScreenViewController.swift */,
				A5583D31249BAE8F00D4FED6 /* Main.storyboard */,
				A5583D34249BAE9200D4FED6 /* Assets.xcassets */,
				A5583D36249BAE9200D4FED6 /* LaunchScreen.storyboard */,
				A5583D39249BAE9200D4FED6 /* Info.plist */,
			);
			path = ExtendLaunchScreen;
			sourceTree = "<group>";
		};
/* End PBXGroup section */

/* Begin PBXNativeTarget section */
		A5583D27249BAE8F00D4FED6 /* ExtendLaunchScreen */ = {
			isa = PBXNativeTarget;
			buildConfigurationList = A5583D3C249BAE9200D4FED6 /* Build configuration list for PBXNativeTarget "ExtendLaunchScreen" */;
			buildPhases = (
				A5583D24249BAE8F00D4FED6 /* Sources */,
				A5583D25249BAE8F00D4FED6 /* Frameworks */,
				A5583D26249BAE8F00D4FED6 /* Resources */,
			);
			buildRules = (
			);
			dependencies = (
			);
			name = ExtendLaunchScreen;
			productName = ExtendLaunchScreen;
			productReference = A5583D28249BAE8F00D4FED6 /* ExtendLaunchScreen.app */;
			productType = "com.apple.product-type.application";
		};
/* End PBXNativeTarget section */

/* Begin PBXProject section */
		A5583D20249BAE8F00D4FED6 /* Project object */ = {
			isa = PBXProject;
			attributes = {
				LastSwiftUpdateCheck = 1150;
				LastUpgradeCheck = 1150;
				ORGANIZATIONNAME = "Megat Syafiq";
				TargetAttributes = {
					A5583D27249BAE8F00D4FED6 = {
						CreatedOnToolsVersion = 11.5;
					};
				};
			};
			buildConfigurationList = A5583D23249BAE8F00D4FED6 /* Build configuration list for PBXProject "ExtendLaunchScreen" */;
			compatibilityVersion = "Xcode 9.3";
			developmentRegion = en;
			hasScannedForEncodings = 0;
			knownRegions = (
				en,
				Base,
			);
			mainGroup = A5583D1F249BAE8F00D4FED6;
			productRefGroup = A5583D29249BAE8F00D4FED6 /* Products */;
			projectDirPath = "";
			projectRoot = "";
			targets = (
				A5583D27249BAE8F00D4FED6 /* ExtendLaunchScreen */,
			);
		};
/* End PBXProject section */

/* Begin PBXResourcesBuildPhase section */
		A5583D26249BAE8F00D4FED6 /* Resources */ = {
			isa = PBXResourcesBuildPhase;
			buildActionMask = 2147483647;
			files = (
				A5583D38249BAE9200D4FED6 /* LaunchScreen.storyboard in Resources */,
				A5583D35249BAE9200D4FED6 /* Assets.xcassets in Resources */,
				A5583D33249BAE8F00D4FED6 /* Main.storyboard in Resources */,
			);
			runOnlyForDeploymentPostprocessing = 0;
		};
/* End PBXResourcesBuildPhase section */

/* Begin PBXSourcesBuildPhase section */
		A5583D24249BAE8F00D4FED6 /* Sources */ = {
			isa = PBXSourcesBuildPhase;
			buildActionMask = 2147483647;
			files = (
				A5583D30249BAE8F00D4FED6 /* ViewController.swift in Sources */,
				A5583D2C249BAE8F00D4FED6 /* AppDelegate.swift in Sources */,
				A5583D40249BAF4800D4FED6 /* SplashScreenViewController.swift in Sources */,
				A5583D2E249BAE8F00D4FED6 /* SceneDelegate.swift in Sources */,
			);
			runOnlyForDeploymentPostprocessing = 0;
		};
/* End PBXSourcesBuildPhase section */

/* Begin PBXVariantGroup section */
		A5583D31249BAE8F00D4FED6 /* Main.storyboard */ = {
			isa = PBXVariantGroup;
			children = (
				A5583D32249BAE8F00D4FED6 /* Base */,
			);
			name = Main.storyboard;
			sourceTree = "<group>";
		};
		A5583D36249BAE9200D4FED6 /* LaunchScreen.storyboard */ = {
			isa = PBXVariantGroup;
			children = (
				A5583D37249BAE9200D4FED6 /* Base */,
			);
			name = LaunchScreen.storyboard;
			sourceTree = "<group>";
		};
/* End PBXVariantGroup section */

/* Begin XCBuildConfiguration section */
		A5583D3A249BAE9200D4FED6 /* Debug */ = {
			isa = XCBuildConfiguration;
			buildSettings = {
				ALWAYS_SEARCH_USER_PATHS = NO;
				CLANG_ANALYZER_NONNULL = YES;
				CLANG_ANALYZER_NUMBER_OBJECT_CONVERSION = YES_AGGRESSIVE;
				CLANG_CXX_LANGUAGE_STANDARD = "gnu++14";
				CLANG_CXX_LIBRARY = "libc++";
				CLANG_ENABLE_MODULES = YES;
				CLANG_ENABLE_OBJC_ARC = YES;
				CLANG_ENABLE_OBJC_WEAK = YES;
				CLANG_WARN_BLOCK_CAPTURE_AUTORELEASING = YES;
				CLANG_WARN_BOOL_CONVERSION = YES;
				CLANG_WARN_COMMA = YES;
				CLANG_WARN_CONSTANT_CONVERSION = YES;
				CLANG_WARN_DEPRECATED_OBJC_IMPLEMENTATIONS = YES;
				CLANG_WARN_DIRECT_OBJC_ISA_USAGE = YES_ERROR;
				CLANG_WARN_DOCUMENTATION_COMMENTS = YES;
				CLANG_WARN_EMPTY_BODY = YES;
				CLANG_WARN_ENUM_CONVERSION = YES;
				CLANG_WARN_INFINITE_RECURSION = YES;
				CLANG_WARN_INT_CONVERSION = YES;
				CLANG_WARN_NON_LITERAL_NULL_CONVERSION = YES;
				CLANG_WARN_OBJC_IMPLICIT_RETAIN_SELF = YES;
				CLANG_WARN_OBJC_LITERAL_CONVERSION = YES;
				CLANG_WARN_OBJC_ROOT_CLASS = YES_ERROR;
				CLANG_WARN_RANGE_LOOP_ANALYSIS = YES;
				CLANG_WARN_STRICT_PROTOTYPES = YES;
				CLANG_WARN_SUSPICIOUS_MOVE = YES;
				CLANG_WARN_UNGUARDED_AVAILABILITY = YES_AGGRESSIVE;
				CLANG_WARN_UNREACHABLE_CODE = YES;
				CLANG_WARN__DUPLICATE_METHOD_MATCH = YES;
				COPY_PHASE_STRIP = NO;
				DEBUG_INFORMATION_FORMAT = dwarf;
				ENABLE_STRICT_OBJC_MSGSEND = YES;
				ENABLE_TESTABILITY = YES;
				GCC_C_LANGUAGE_STANDARD = gnu11;
				GCC_DYNAMIC_NO_PIC = NO;
				GCC_NO_COMMON_BLOCKS = YES;
				GCC_OPTIMIZATION_LEVEL = 0;
				GCC_PREPROCESSOR_DEFINITIONS = (
					"DEBUG=1",
					"$(inherited)",
				);
				GCC_WARN_64_TO_32_BIT_CONVERSION = YES;
				GCC_WARN_ABOUT_RETURN_TYPE = YES_ERROR;
				GCC_WARN_UNDECLARED_SELECTOR = YES;
				GCC_WARN_UNINITIALIZED_AUTOS = YES_AGGRESSIVE;
				GCC_WARN_UNUSED_FUNCTION = YES;
				GCC_WARN_UNUSED_VARIABLE = YES;
				IPHONEOS_DEPLOYMENT_TARGET = 13.5;
				MTL_ENABLE_DEBUG_INFO = INCLUDE_SOURCE;
				MTL_FAST_MATH = YES;
				ONLY_ACTIVE_ARCH = YES;
				SDKROOT = iphoneos;
				SWIFT_ACTIVE_COMPILATION_CONDITIONS = DEBUG;
				SWIFT_OPTIMIZATION_LEVEL = "-Onone";
			};
			name = Debug;
		};
		A5583D3B249BAE9200D4FED6 /* Release */ = {
			isa = XCBuildConfiguration;
			buildSettings = {
				ALWAYS_SEARCH_USER_PATHS = NO;
				CLANG_ANALYZER_NONNULL = YES;
				CLANG_ANALYZER_NUMBER_OBJECT_CONVERSION = YES_AGGRESSIVE;
				CLANG_CXX_LANGUAGE_STANDARD = "gnu++14";
				CLANG_CXX_LIBRARY = "libc++";
				CLANG_ENABLE_MODULES = YES;
				CLANG_ENABLE_OBJC_ARC = YES;
				CLANG_ENABLE_OBJC_WEAK = YES;
				CLANG_WARN_BLOCK_CAPTURE_AUTORELEASING = YES;
				CLANG_WARN_BOOL_CONVERSION = YES;
				CLANG_WARN_COMMA = YES;
				CLANG_WARN_CONSTANT_CONVERSION = YES;
				CLANG_WARN_DEPRECATED_OBJC_IMPLEMENTATIONS = YES;
				CLANG_WARN_DIRECT_OBJC_ISA_USAGE = YES_ERROR;
				CLANG_WARN_DOCUMENTATION_COMMENTS = YES;
				CLANG_WARN_EMPTY_BODY = YES;
				CLANG_WARN_ENUM_CONVERSION = YES;
				CLANG_WARN_INFINITE_RECURSION = YES;
				CLANG_WARN_INT_CONVERSION = YES;
				CLANG_WARN_NON_LITERAL_NULL_CONVERSION = YES;
				CLANG_WARN_OBJC_IMPLICIT_RETAIN_SELF = YES;
				CLANG_WARN_OBJC_LITERAL_CONVERSION = YES;
				CLANG_WARN_OBJC_ROOT_CLASS = YES_ERROR;
				CLANG_WARN_RANGE_LOOP_ANALYSIS = YES;
				CLANG_WARN_STRICT_PROTOTYPES = YES;
				CLANG_WARN_SUSPICIOUS_MOVE = YES;
				CLANG_WARN_UNGUARDED_AVAILABILITY = YES_AGGRESSIVE;
				CLANG_WARN_UNREACHABLE_CODE = YES;
				CLANG_WARN__DUPLICATE_METHOD_MATCH = YES;
				COPY_PHASE_STRIP = NO;
				DEBUG_INFORMATION_FORMAT = "dwarf-with-dsym";
				ENABLE_NS_ASSERTIONS = NO;
				ENABLE_STRICT_OBJC_MSGSEND = YES;
				GCC_C_LANGUAGE_STANDARD = gnu11;
				GCC_NO_COMMON_BLOCKS = YES;
				GCC_WARN_64_TO_32_BIT_CONVERSION = YES;
				GCC_WARN_ABOUT_RETURN_TYPE = YES_ERROR;
				GCC_WARN_UNDECLARED_SELECTOR = YES;
				GCC_WARN_UNINITIALIZED_AUTOS = YES_AGGRESSIVE;
				GCC_WARN_UNUSED_FUNCTION = YES;
				GCC_WARN_UNUSED_VARIABLE = YES;
				IPHONEOS_DEPLOYMENT_TARGET = 13.5;
				MTL_ENABLE_DEBUG_INFO = NO;
				MTL_FAST_MATH = YES;
				SDKROOT = iphoneos;
				SWIFT_COMPILATION_MODE = wholemodule;
				SWIFT_OPTIMIZATION_LEVEL = "-O";
				VALIDATE_PRODUCT = YES;
			};
			name = Release;
		};
		A5583D3D249BAE9200D4FED6 /* Debug */ = {
			isa = XCBuildConfiguration;
			buildSettings = {
				ASSETCATALOG_COMPILER_APPICON_NAME = AppIcon;
				CODE_SIGN_STYLE = Automatic;
				DEVELOPMENT_TEAM = 33XSSTPS64;
				INFOPLIST_FILE = ExtendLaunchScreen/Info.plist;
				LD_RUNPATH_SEARCH_PATHS = (
					"$(inherited)",
					"@executable_path/Frameworks",
				);
				PRODUCT_BUNDLE_IDENTIFIER = com.cl.ExtendLaunchScreen;
				PRODUCT_NAME = "$(TARGET_NAME)";
				SWIFT_VERSION = 5.0;
				TARGETED_DEVICE_FAMILY = "1,2";
			};
			name = Debug;
		};
		A5583D3E249BAE9200D4FED6 /* Release */ = {
			isa = XCBuildConfiguration;
			buildSettings = {
				ASSETCATALOG_COMPILER_APPICON_NAME = AppIcon;
				CODE_SIGN_STYLE = Automatic;
				DEVELOPMENT_TEAM = 33XSSTPS64;
				INFOPLIST_FILE = ExtendLaunchScreen/Info.plist;
				LD_RUNPATH_SEARCH_PATHS = (
					"$(inherited)",
					"@executable_path/Frameworks",
				);
				PRODUCT_BUNDLE_IDENTIFIER = com.cl.ExtendLaunchScreen;
				PRODUCT_NAME = "$(TARGET_NAME)";
				SWIFT_VERSION = 5.0;
				TARGETED_DEVICE_FAMILY = "1,2";
			};
			name = Release;
		};
/* End XCBuildConfiguration section */

/* Begin XCConfigurationList section */
		A5583D23249BAE8F00D4FED6 /* Build configuration list for PBXProject "ExtendLaunchScreen" */ = {
			isa = XCConfigurationList;
			buildConfigurations = (
				A5583D3A249BAE9200D4FED6 /* Debug */,
				A5583D3B249BAE9200D4FED6 /* Release */,
			);
			defaultConfigurationIsVisible = 0;
			defaultConfigurationName = Release;
		};
		A5583D3C249BAE9200D4FED6 /* Build configuration list for PBXNativeTarget "ExtendLaunchScreen" */ = {
			isa = XCConfigurationList;
			buildConfigurations = (
				A5583D3D249BAE9200D4FED6 /* Debug */,
				A5583D3E249BAE9200D4FED6 /* Release */,
			);
			defaultConfigurationIsVisible = 0;
			defaultConfigurationName = Release;
		};
/* End XCConfigurationList section */
	};
	rootObject = A5583D20249BAE8F00D4FED6 /* Project object */;
}
